
Microsoft Visual Studio Solution File, Format Version 12.00
# Visual Studio 15
Project("{FAE04EC0-301F-11D3-BF4B-00C04F79EFBC}") = "Assembly-CSharp", "Assembly-CSharp.csproj", "{69FB029B-00AD-FFFA-F377-2C52BB2D4862}"
EndProject
Project("{FAE04EC0-301F-11D3-BF4B-00C04F79EFBC}") = "Assembly-CSharp-Editor", "Assembly-CSharp-Editor.csproj", "{5FE33CD0-00D8-4789-285E-538DE37A409F}"
EndProject
Global
	GlobalSection(SolutionConfigurationPlatforms) = preSolution
		Debug|Any CPU = Debug|Any CPU
		Release|Any CPU = Release|Any CPU
	EndGlobalSection
	GlobalSection(ProjectConfigurationPlatforms) = postSolution
		{69FB029B-00AD-FFFA-F377-2C52BB2D4862}.Debug|Any CPU.ActiveCfg = Debug|Any CPU
		{69FB029B-00AD-FFFA-F377-2C52BB2D4862}.Debug|Any CPU.Build.0 = Debug|Any CPU
		{69FB029B-00AD-FFFA-F377-2C52BB2D4862}.Release|Any CPU.ActiveCfg = Release|Any CPU
		{69FB029B-00AD-FFFA-F377-2C52BB2D4862}.Release|Any CPU.Build.0 = Release|Any CPU
		{5FE33CD0-00D8-4789-285E-538DE37A409F}.Debug|Any CPU.ActiveCfg = Debug|Any CPU
		{5FE33CD0-00D8-4789-285E-538DE37A409F}.Debug|Any CPU.Build.0 = Debug|Any CPU
		{5FE33CD0-00D8-4789-285E-538DE37A409F}.Release|Any CPU.ActiveCfg = Release|Any CPU
		{5FE33CD0-00D8-4789-285E-538DE37A409F}.Release|Any CPU.Build.0 = Release|Any CPU
	EndGlobalSection
	GlobalSection(SolutionProperties) = preSolution
		HideSolutionNode = FALSE
	EndGlobalSection
EndGlobal
